%{"bunt": {:hex, :bunt, "0.1.4", "a1d555a2f50d5f402a579ca08cfdc8afe15d85494bd729c9b3a46ac7266d0081", [:mix], []},
  "combine": {:hex, :combine, "0.5.2", "bd139a0642964b6126c9fa88cbac0e0cbff62e07f75560724819635e73a26b76", [:mix], []},
  "credo": {:hex, :credo, "0.1.9", "d1ebc1be761787dfcb70187c96b5dd09a97ad549e076c1a03b26f6642389c719", [:mix], [{:bunt, "~> 0.1.4", [hex: :bunt, optional: false]}]},
  "dogma": {:hex, :dogma, "0.0.9", "0b7281338e084f0df5c5fa07639cf709dd534d65f129fe73b62ed906a946575c", [:mix], [{:poison, "~>1.5", [hex: :poison, optional: false]}]},
  "earmark": {:hex, :earmark, "0.1.17", "a2269e72ff85501bdb58c2de9edc0a9a17a4be2757883eed1f601b30494ed2bf", [:mix], []},
  "ex_doc": {:hex, :ex_doc, "0.10.0", "f49c237250b829df986486b38f043e6f8e19d19b41101987f7214543f75947ec", [:mix], [{:earmark, "~> 0.1.17 or ~> 0.2", [hex: :earmark, optional: true]}]},
  "exactor": {:hex, :exactor, "2.2.0", "2a7418b82d974fe8276edd62c1facf4a9dc06339cdf11b5dcd10359e107fe5c3", [:mix], []},
  "hackney": {:hex, :hackney, "1.3.2", "43bd07ab88753f5e136e38fddd2a09124bee25733b03361eeb459d0173fc17ab", [:rebar, :make], [{:ssl_verify_hostname, "~> 1.0.5", [hex: :ssl_verify_hostname, optional: false]}, {:idna, "~> 1.0.2", [hex: :idna, optional: false]}]},
  "idna": {:hex, :idna, "1.0.2", "397e3d001c002319da75759b0a81156bf11849c71d565162436d50020cb7265e", [:make], []},
  "poison": {:hex, :poison, "1.5.0", "f2f4f460623a6f154683abae34352525e1d918380267cdbd949a07ba57503248", [:mix], []},
  "ssl_verify_hostname": {:hex, :ssl_verify_hostname, "1.0.5", "2e73e068cd6393526f9fa6d399353d7c9477d6886ba005f323b592d389fb47be", [:make], []},
  "timex": {:hex, :timex, "0.19.5", "506ba0f20d71700366e281cbc2b67b74b15924422317c2b70f4bc20db155acd7", [:mix], [{:tzdata, "~> 0.5.2", [hex: :tzdata, optional: false]}, {:combine, "~> 0.5", [hex: :combine, optional: false]}]},
  "tzdata": {:hex, :tzdata, "0.5.4", "b33bec3de7598b2991fc52f210b589e880a2ff344f41043fc65a9cc04124ca28", [:mix], [{:hackney, "~> 1.0", [hex: :hackney, optional: false]}]}}
